{
  "version": 4,
  "terraform_version": "1.5.3",
  "serial": 78,
  "lineage": "e66b228a-d5ba-a6cb-69bf-f34539dfa476",
  "outputs": {
    "public_ip_address": {
      "value": "mtc-vm: 20.120.16.33",
      "type": "string"
    }
  },
  "resources": [
    {
      "mode": "data",
      "type": "azurerm_public_ip",
      "name": "mtc-ip-data",
      "provider": "provider[\"registry.terraform.io/hashicorp/azurerm\"]",
      "instances": [
        {
          "schema_version": 0,
          "attributes": {
            "allocation_method": "Dynamic",
            "domain_name_label": "",
            "fqdn": "",
            "id": "/subscriptions/095839b8-520a-47fd-9cf3-95a3ecf879f6/resourceGroups/mtc-resources/providers/Microsoft.Network/publicIPAddresses/mtc-ip",
            "idle_timeout_in_minutes": 30,
            "ip_address": "20.120.16.33",
            "ip_tags": {},
            "ip_version": "IPv4",
            "location": "eastus",
            "name": "mtc-ip",
            "resource_group_name": "mtc-resources",
            "reverse_fqdn": "",
            "sku": "Basic",
            "tags": {
              "environment": "dev"
            },
            "timeouts": null,
            "zones": []
          },
          "sensitive_attributes": []
        }
      ]
    },
    {
      "mode": "managed",
      "type": "azurerm_linux_virtual_machine",
      "name": "mtc-vm",
      "provider": "provider[\"registry.terraform.io/hashicorp/azurerm\"]",
      "instances": [
        {
          "schema_version": 0,
          "attributes": {
            "additional_capabilities": [],
            "admin_password": null,
            "admin_ssh_key": [
              {
                "public_key": "ssh-rsa AAAAB3NzaC1yc2EAAAADAQABAAABgQChJsVfSDiIAjhKTDfnJpdy3K5pInD4fQPkcBXfN6pzdC9VqV4Un8ZPp5WcNOQiLh8FKWCh8Tqm9M2D0sMK7VEH/ihd1k2EaIKxnnM2CBZ4Vx+kF5Ny4EysKrrBsd+5vvhpx6XV0vwz12oX8gu4AjT2G8lPEZ6Xfn1c95+T5a0OBPYk+4wu3ODUK092dde+OdtsF1mOLbAXPRJ5T+VZXebEL1mqImYq6nwZjdYn6gWPSaYXdAUj1M2VRCHld+/nsAtwLZM9bhG+BXbuQUoQPKa1kPi6CCAs2OPc2rxLD3/eQtekjI5ZtSH6ELJ24qtAzFI3uN1J6FSK2vZmgBP/mI/0cqTHfWKNNvNA5A9Ny0YX8qGt8jfYO2qDOXCfZxsOfv7XB8zmyV10PPd2JIydjpZCUqaQRkj/xsc/apAVHPVLoaPRd6QDPXpMJzjzXakrZd4sr3tQUbPTsegb5PZVxOQyMxRVfdg+1MjhDemYOfTkmRMKOpMhHPNdcHxfxXW3H4U= dhrupadsolanki@localhost\n",
                "username": "adminuser"
              }
            ],
            "admin_username": "adminuser",
            "allow_extension_operations": true,
            "availability_set_id": "",
            "boot_diagnostics": [],
            "computer_name": "mtc-vm",
            "custom_data": "IyEvYmluL2Jhc2gKc3VkbyBhcHQtZ2V0IHVwZGF0ZSAteSAmJgpzdWRvIGFwdC1nZXQgaW5zdGFsbCAteSBcCmFwdC10cmFuc3BvcnQtaHR0cHMgXApjYS1jZXJ0aWZpY2F0ZXMgXApjdXJsIFwKZ251cGctYWdlbnQgXApzb2Z0d2FyZS1wcm9wZXJ0aWVzLWNvbW1vbiAmJgpjdXJsIC1mc1NMIGh0dHBzOi8vZG93bmxvYWQuZG9ja2VyLmNvbS9saW51eC91YnVudHUvZ3BnIHwgc3VkbyBhcHQta2V5IGFkZCAtICYmCnN1ZG8gYWRkLWFwdC1yZXBvc2l0b3J5ICJkZWIgW2FyY2g9YW1kNjRdIGh0dHBzOi8vZG93bmxvYWQuZG9ja2VyLmNvbS9saW51eC91YnVudHUgJChsc2JfcmVsZWFzZSAtY3MpIHN0YWJsZSIgJiYKc3VkbyBhcHQtZ2V0IHVwZGF0ZSAteSAmJgpzdWRvIHN1ZG8gYXB0LWdldCBpbnN0YWxsIGRvY2tlci1jZSBkb2NrZXItY2UtY2xpIGNvbnRhaW5lcmQuaW8gLXkgJiYKc3VkbyB1c2VybW9kIC1hRyBkb2NrZXIgYWRtaW51c2Vy",
            "dedicated_host_group_id": "",
            "dedicated_host_id": "",
            "disable_password_authentication": true,
            "edge_zone": "",
            "encryption_at_host_enabled": false,
            "eviction_policy": "",
            "extensions_time_budget": "PT1H30M",
            "id": "/subscriptions/095839b8-520a-47fd-9cf3-95a3ecf879f6/resourceGroups/mtc-resources/providers/Microsoft.Compute/virtualMachines/mtc-vm",
            "identity": [],
            "license_type": "",
            "location": "eastus",
            "max_bid_price": -1,
            "name": "mtc-vm",
            "network_interface_ids": [
              "/subscriptions/095839b8-520a-47fd-9cf3-95a3ecf879f6/resourceGroups/mtc-resources/providers/Microsoft.Network/networkInterfaces/mtc-nic"
            ],
            "os_disk": [
              {
                "caching": "ReadWrite",
                "diff_disk_settings": [],
                "disk_encryption_set_id": "",
                "disk_size_gb": 30,
                "name": "mtc-vm_OsDisk_1_326cb95eeb484200916a872ce57b3c5e",
                "storage_account_type": "Standard_LRS",
                "write_accelerator_enabled": false
              }
            ],
            "patch_mode": "ImageDefault",
            "plan": [],
            "platform_fault_domain": -1,
            "priority": "Regular",
            "private_ip_address": "10.123.1.4",
            "private_ip_addresses": [
              "10.123.1.4"
            ],
            "provision_vm_agent": true,
            "proximity_placement_group_id": "",
            "public_ip_address": "74.235.214.107",
            "public_ip_addresses": [
              "74.235.214.107"
            ],
            "resource_group_name": "mtc-resources",
            "secret": [],
            "secure_boot_enabled": false,
            "size": "Standard_F2",
            "source_image_id": "",
            "source_image_reference": [
              {
                "offer": "0001-com-ubuntu-server-focal",
                "publisher": "Canonical",
                "sku": "20_04-lts",
                "version": "latest"
              }
            ],
            "tags": {
              "environment": "dev"
            },
            "termination_notification": null,
            "timeouts": null,
            "user_data": "",
            "virtual_machine_id": "11263fde-c600-4584-9ef0-4ec5e02c9e5f",
            "virtual_machine_scale_set_id": "",
            "vtpm_enabled": false,
            "zone": ""
          },
          "sensitive_attributes": [],
          "private": "eyJlMmJmYjczMC1lY2FhLTExZTYtOGY4OC0zNDM2M2JjN2M0YzAiOnsiY3JlYXRlIjoyNzAwMDAwMDAwMDAwLCJkZWxldGUiOjI3MDAwMDAwMDAwMDAsInJlYWQiOjMwMDAwMDAwMDAwMCwidXBkYXRlIjoyNzAwMDAwMDAwMDAwfX0=",
          "dependencies": [
            "azurerm_network_interface.mtc-nic",
            "azurerm_resource_group.mtc-rg"
          ]
        }
      ]
    },
    {
      "mode": "managed",
      "type": "azurerm_network_interface",
      "name": "mtc-nic",
      "provider": "provider[\"registry.terraform.io/hashicorp/azurerm\"]",
      "instances": [
        {
          "schema_version": 0,
          "attributes": {
            "applied_dns_servers": [],
            "dns_servers": [],
            "edge_zone": "",
            "enable_accelerated_networking": false,
            "enable_ip_forwarding": false,
            "id": "/subscriptions/095839b8-520a-47fd-9cf3-95a3ecf879f6/resourceGroups/mtc-resources/providers/Microsoft.Network/networkInterfaces/mtc-nic",
            "internal_dns_name_label": "",
            "internal_domain_name_suffix": "bj1nay0fta2ehaqwx3pmhkzmqa.bx.internal.cloudapp.net",
            "ip_configuration": [
              {
                "gateway_load_balancer_frontend_ip_configuration_id": "",
                "name": "internal",
                "primary": true,
                "private_ip_address": "10.123.1.4",
                "private_ip_address_allocation": "Dynamic",
                "private_ip_address_version": "IPv4",
                "public_ip_address_id": "/subscriptions/095839b8-520a-47fd-9cf3-95a3ecf879f6/resourceGroups/mtc-resources/providers/Microsoft.Network/publicIPAddresses/mtc-ip",
                "subnet_id": "/subscriptions/095839b8-520a-47fd-9cf3-95a3ecf879f6/resourceGroups/mtc-resources/providers/Microsoft.Network/virtualNetworks/mtc-network/subnets/mtc-subnet"
              }
            ],
            "location": "eastus",
            "mac_address": "60-45-BD-EF-05-C2",
            "name": "mtc-nic",
            "private_ip_address": "10.123.1.4",
            "private_ip_addresses": [
              "10.123.1.4"
            ],
            "resource_group_name": "mtc-resources",
            "tags": {
              "environment": "dev"
            },
            "timeouts": null,
            "virtual_machine_id": "/subscriptions/095839b8-520a-47fd-9cf3-95a3ecf879f6/resourceGroups/mtc-resources/providers/Microsoft.Compute/virtualMachines/mtc-vm"
          },
          "sensitive_attributes": [],
          "private": "eyJlMmJmYjczMC1lY2FhLTExZTYtOGY4OC0zNDM2M2JjN2M0YzAiOnsiY3JlYXRlIjoxODAwMDAwMDAwMDAwLCJkZWxldGUiOjE4MDAwMDAwMDAwMDAsInJlYWQiOjMwMDAwMDAwMDAwMCwidXBkYXRlIjoxODAwMDAwMDAwMDAwfX0=",
          "dependencies": [
            "azurerm_public_ip.mtc-ip",
            "azurerm_resource_group.mtc-rg",
            "azurerm_subnet.mtc-subnet",
            "azurerm_virtual_network.mtc-vn"
          ]
        }
      ]
    },
    {
      "mode": "managed",
      "type": "azurerm_network_security_group",
      "name": "mtc-sg",
      "provider": "provider[\"registry.terraform.io/hashicorp/azurerm\"]",
      "instances": [
        {
          "schema_version": 0,
          "attributes": {
            "id": "/subscriptions/095839b8-520a-47fd-9cf3-95a3ecf879f6/resourceGroups/mtc-resources/providers/Microsoft.Network/networkSecurityGroups/mtc-sg",
            "location": "eastus",
            "name": "mtc-sg",
            "resource_group_name": "mtc-resources",
            "security_rule": [
              {
                "access": "Allow",
                "description": "",
                "destination_address_prefix": "*",
                "destination_address_prefixes": [],
                "destination_application_security_group_ids": [],
                "destination_port_range": "*",
                "destination_port_ranges": [],
                "direction": "Inbound",
                "name": "mtc-dev-rule",
                "priority": 100,
                "protocol": "*",
                "source_address_prefix": "*",
                "source_address_prefixes": [],
                "source_application_security_group_ids": [],
                "source_port_range": "*",
                "source_port_ranges": []
              }
            ],
            "tags": {
              "environment": "dev"
            },
            "timeouts": null
          },
          "sensitive_attributes": [],
          "private": "eyJlMmJmYjczMC1lY2FhLTExZTYtOGY4OC0zNDM2M2JjN2M0YzAiOnsiY3JlYXRlIjoxODAwMDAwMDAwMDAwLCJkZWxldGUiOjE4MDAwMDAwMDAwMDAsInJlYWQiOjMwMDAwMDAwMDAwMCwidXBkYXRlIjoxODAwMDAwMDAwMDAwfX0=",
          "dependencies": [
            "azurerm_resource_group.mtc-rg"
          ]
        }
      ]
    },
    {
      "mode": "managed",
      "type": "azurerm_network_security_rule",
      "name": "mtc-dev-rule",
      "provider": "provider[\"registry.terraform.io/hashicorp/azurerm\"]",
      "instances": [
        {
          "schema_version": 0,
          "attributes": {
            "access": "Allow",
            "description": "",
            "destination_address_prefix": "*",
            "destination_address_prefixes": [],
            "destination_application_security_group_ids": [],
            "destination_port_range": "*",
            "destination_port_ranges": [],
            "direction": "Inbound",
            "id": "/subscriptions/095839b8-520a-47fd-9cf3-95a3ecf879f6/resourceGroups/mtc-resources/providers/Microsoft.Network/networkSecurityGroups/mtc-sg/securityRules/mtc-dev-rule",
            "name": "mtc-dev-rule",
            "network_security_group_name": "mtc-sg",
            "priority": 100,
            "protocol": "*",
            "resource_group_name": "mtc-resources",
            "source_address_prefix": "*",
            "source_address_prefixes": [],
            "source_application_security_group_ids": [],
            "source_port_range": "*",
            "source_port_ranges": [],
            "timeouts": null
          },
          "sensitive_attributes": [],
          "private": "eyJlMmJmYjczMC1lY2FhLTExZTYtOGY4OC0zNDM2M2JjN2M0YzAiOnsiY3JlYXRlIjoxODAwMDAwMDAwMDAwLCJkZWxldGUiOjE4MDAwMDAwMDAwMDAsInJlYWQiOjMwMDAwMDAwMDAwMCwidXBkYXRlIjoxODAwMDAwMDAwMDAwfX0=",
          "dependencies": [
            "azurerm_network_security_group.mtc-sg",
            "azurerm_resource_group.mtc-rg"
          ]
        }
      ]
    },
    {
      "mode": "managed",
      "type": "azurerm_public_ip",
      "name": "mtc-ip",
      "provider": "provider[\"registry.terraform.io/hashicorp/azurerm\"]",
      "instances": [
        {
          "schema_version": 0,
          "attributes": {
            "allocation_method": "Dynamic",
            "domain_name_label": null,
            "edge_zone": "",
            "fqdn": null,
            "id": "/subscriptions/095839b8-520a-47fd-9cf3-95a3ecf879f6/resourceGroups/mtc-resources/providers/Microsoft.Network/publicIPAddresses/mtc-ip",
            "idle_timeout_in_minutes": 30,
            "ip_address": "20.120.16.33",
            "ip_tags": {},
            "ip_version": "IPv4",
            "location": "eastus",
            "name": "mtc-ip",
            "public_ip_prefix_id": null,
            "resource_group_name": "mtc-resources",
            "reverse_fqdn": null,
            "sku": "Basic",
            "sku_tier": "Regional",
            "tags": {
              "environment": "dev"
            },
            "timeouts": null,
            "zones": []
          },
          "sensitive_attributes": [],
          "private": "eyJlMmJmYjczMC1lY2FhLTExZTYtOGY4OC0zNDM2M2JjN2M0YzAiOnsiY3JlYXRlIjoxODAwMDAwMDAwMDAwLCJkZWxldGUiOjE4MDAwMDAwMDAwMDAsInJlYWQiOjMwMDAwMDAwMDAwMCwidXBkYXRlIjoxODAwMDAwMDAwMDAwfX0=",
          "dependencies": [
            "azurerm_resource_group.mtc-rg"
          ]
        }
      ]
    },
    {
      "mode": "managed",
      "type": "azurerm_resource_group",
      "name": "mtc-rg",
      "provider": "provider[\"registry.terraform.io/hashicorp/azurerm\"]",
      "instances": [
        {
          "schema_version": 0,
          "attributes": {
            "id": "/subscriptions/095839b8-520a-47fd-9cf3-95a3ecf879f6/resourceGroups/mtc-resources",
            "location": "eastus",
            "name": "mtc-resources",
            "tags": {
              "environment": "dev"
            },
            "timeouts": null
          },
          "sensitive_attributes": [],
          "private": "eyJlMmJmYjczMC1lY2FhLTExZTYtOGY4OC0zNDM2M2JjN2M0YzAiOnsiY3JlYXRlIjo1NDAwMDAwMDAwMDAwLCJkZWxldGUiOjU0MDAwMDAwMDAwMDAsInJlYWQiOjMwMDAwMDAwMDAwMCwidXBkYXRlIjo1NDAwMDAwMDAwMDAwfX0="
        }
      ]
    },
    {
      "mode": "managed",
      "type": "azurerm_subnet",
      "name": "mtc-subnet",
      "provider": "provider[\"registry.terraform.io/hashicorp/azurerm\"]",
      "instances": [
        {
          "schema_version": 0,
          "attributes": {
            "address_prefixes": [
              "10.123.1.0/24"
            ],
            "delegation": [],
            "enforce_private_link_endpoint_network_policies": false,
            "enforce_private_link_service_network_policies": false,
            "id": "/subscriptions/095839b8-520a-47fd-9cf3-95a3ecf879f6/resourceGroups/mtc-resources/providers/Microsoft.Network/virtualNetworks/mtc-network/subnets/mtc-subnet",
            "name": "mtc-subnet",
            "resource_group_name": "mtc-resources",
            "service_endpoint_policy_ids": [],
            "service_endpoints": [],
            "timeouts": null,
            "virtual_network_name": "mtc-network"
          },
          "sensitive_attributes": [],
          "private": "eyJlMmJmYjczMC1lY2FhLTExZTYtOGY4OC0zNDM2M2JjN2M0YzAiOnsiY3JlYXRlIjoxODAwMDAwMDAwMDAwLCJkZWxldGUiOjE4MDAwMDAwMDAwMDAsInJlYWQiOjMwMDAwMDAwMDAwMCwidXBkYXRlIjoxODAwMDAwMDAwMDAwfX0=",
          "dependencies": [
            "azurerm_resource_group.mtc-rg",
            "azurerm_virtual_network.mtc-vn"
          ]
        }
      ]
    },
    {
      "mode": "managed",
      "type": "azurerm_subnet_network_security_group_association",
      "name": "mtc-sga",
      "provider": "provider[\"registry.terraform.io/hashicorp/azurerm\"]",
      "instances": [
        {
          "schema_version": 0,
          "attributes": {
            "id": "/subscriptions/095839b8-520a-47fd-9cf3-95a3ecf879f6/resourceGroups/mtc-resources/providers/Microsoft.Network/virtualNetworks/mtc-network/subnets/mtc-subnet",
            "network_security_group_id": "/subscriptions/095839b8-520a-47fd-9cf3-95a3ecf879f6/resourceGroups/mtc-resources/providers/Microsoft.Network/networkSecurityGroups/mtc-sg",
            "subnet_id": "/subscriptions/095839b8-520a-47fd-9cf3-95a3ecf879f6/resourceGroups/mtc-resources/providers/Microsoft.Network/virtualNetworks/mtc-network/subnets/mtc-subnet",
            "timeouts": null
          },
          "sensitive_attributes": [],
          "private": "eyJlMmJmYjczMC1lY2FhLTExZTYtOGY4OC0zNDM2M2JjN2M0YzAiOnsiY3JlYXRlIjoxODAwMDAwMDAwMDAwLCJkZWxldGUiOjE4MDAwMDAwMDAwMDAsInJlYWQiOjMwMDAwMDAwMDAwMCwidXBkYXRlIjoxODAwMDAwMDAwMDAwfX0=",
          "dependencies": [
            "azurerm_network_security_group.mtc-sg",
            "azurerm_resource_group.mtc-rg",
            "azurerm_subnet.mtc-subnet",
            "azurerm_virtual_network.mtc-vn"
          ]
        }
      ]
    },
    {
      "mode": "managed",
      "type": "azurerm_virtual_network",
      "name": "mtc-vn",
      "provider": "provider[\"registry.terraform.io/hashicorp/azurerm\"]",
      "instances": [
        {
          "schema_version": 0,
          "attributes": {
            "address_space": [
              "10.123.0.0/16"
            ],
            "bgp_community": "",
            "ddos_protection_plan": [],
            "dns_servers": [],
            "edge_zone": "",
            "flow_timeout_in_minutes": 0,
            "guid": "63d0760a-9845-4338-8216-bf5ec3ab2c80",
            "id": "/subscriptions/095839b8-520a-47fd-9cf3-95a3ecf879f6/resourceGroups/mtc-resources/providers/Microsoft.Network/virtualNetworks/mtc-network",
            "location": "eastus",
            "name": "mtc-network",
            "resource_group_name": "mtc-resources",
            "subnet": [
              {
                "address_prefix": "10.123.1.0/24",
                "id": "/subscriptions/095839b8-520a-47fd-9cf3-95a3ecf879f6/resourceGroups/mtc-resources/providers/Microsoft.Network/virtualNetworks/mtc-network/subnets/mtc-subnet",
                "name": "mtc-subnet",
                "security_group": "/subscriptions/095839b8-520a-47fd-9cf3-95a3ecf879f6/resourceGroups/mtc-resources/providers/Microsoft.Network/networkSecurityGroups/mtc-sg"
              }
            ],
            "tags": {
              "environment": "dev"
            },
            "timeouts": null
          },
          "sensitive_attributes": [],
          "private": "eyJlMmJmYjczMC1lY2FhLTExZTYtOGY4OC0zNDM2M2JjN2M0YzAiOnsiY3JlYXRlIjoxODAwMDAwMDAwMDAwLCJkZWxldGUiOjE4MDAwMDAwMDAwMDAsInJlYWQiOjMwMDAwMDAwMDAwMCwidXBkYXRlIjoxODAwMDAwMDAwMDAwfX0=",
          "dependencies": [
            "azurerm_resource_group.mtc-rg"
          ]
        }
      ]
    }
  ],
  "check_results": null
}
